// !$*UTF8*$!
{
	archiveVersion = 1;
	classes = {
	};
	objectVersion = 46;
	objects = {

/* Begin PBXBuildFile section */
		BFD1D1C81AB161B600C44AD8 /* main.m in Sources */ = {isa = PBXBuildFile; fileRef = BFD1D1C71AB161B600C44AD8 /* main.m */; };
		BFD1D1CB1AB161B600C44AD8 /* AppDelegate.m in Sources */ = {isa = PBXBuildFile; fileRef = BFD1D1CA1AB161B600C44AD8 /* AppDelegate.m */; };
		BFD1D1CE1AB161B600C44AD8 /* ViewController.m in Sources */ = {isa = PBXBuildFile; fileRef = BFD1D1CD1AB161B600C44AD8 /* ViewController.m */; };
		BFD1D1D11AB161B600C44AD8 /* Main.storyboard in Resources */ = {isa = PBXBuildFile; fileRef = BFD1D1CF1AB161B600C44AD8 /* Main.storyboard */; };
		BFD1D1D31AB161B600C44AD8 /* Images.xcassets in Resources */ = {isa = PBXBuildFile; fileRef = BFD1D1D21AB161B600C44AD8 /* Images.xcassets */; };
		BFD1D1D61AB161B600C44AD8 /* LaunchScreen.xib in Resources */ = {isa = PBXBuildFile; fileRef = BFD1D1D41AB161B600C44AD8 /* LaunchScreen.xib */; };
		BFD1D1E21AB161B600C44AD8 /* train14Tests.m in Sources */ = {isa = PBXBuildFile; fileRef = BFD1D1E11AB161B600C44AD8 /* train14Tests.m */; };
		BFD1D2071AB167B300C44AD8 /* Localizable.strings in Resources */ = {isa = PBXBuildFile; fileRef = BFD1D2091AB167B300C44AD8 /* Localizable.strings */; };
		BFD1D2151AB16C3B00C44AD8 /* Info.plist in Resources */ = {isa = PBXBuildFile; fileRef = BFD1D2141AB16C3B00C44AD8 /* Info.plist */; };
		BFD1D2181AB16C7E00C44AD8 /* InfoPlist.strings in Resources */ = {isa = PBXBuildFile; fileRef = BFD1D21A1AB16C7E00C44AD8 /* InfoPlist.strings */; };
		BFD1D21F1AB16D5100C44AD8 /* flag.png in Resources */ = {isa = PBXBuildFile; fileRef = BFD1D2211AB16D5100C44AD8 /* flag.png */; };
/* End PBXBuildFile section */

/* Begin PBXContainerItemProxy section */
		BFD1D1DC1AB161B600C44AD8 /* PBXContainerItemProxy */ = {
			isa = PBXContainerItemProxy;
			containerPortal = BFD1D1BA1AB161B600C44AD8 /* Project object */;
			proxyType = 1;
			remoteGlobalIDString = BFD1D1C11AB161B600C44AD8;
			remoteInfo = train14;
		};
/* End PBXContainerItemProxy section */

/* Begin PBXFileReference section */
		BFD1D1C21AB161B600C44AD8 /* train14.app */ = {isa = PBXFileReference; explicitFileType = wrapper.application; includeInIndex = 0; path = train14.app; sourceTree = BUILT_PRODUCTS_DIR; };
		BFD1D1C71AB161B600C44AD8 /* main.m */ = {isa = PBXFileReference; lastKnownFileType = sourcecode.c.objc; path = main.m; sourceTree = "<group>"; };
		BFD1D1C91AB161B600C44AD8 /* AppDelegate.h */ = {isa = PBXFileReference; lastKnownFileType = sourcecode.c.h; path = AppDelegate.h; sourceTree = "<group>"; };
		BFD1D1CA1AB161B600C44AD8 /* AppDelegate.m */ = {isa = PBXFileReference; lastKnownFileType = sourcecode.c.objc; path = AppDelegate.m; sourceTree = "<group>"; };
		BFD1D1CC1AB161B600C44AD8 /* ViewController.h */ = {isa = PBXFileReference; lastKnownFileType = sourcecode.c.h; path = ViewController.h; sourceTree = "<group>"; };
		BFD1D1CD1AB161B600C44AD8 /* ViewController.m */ = {isa = PBXFileReference; lastKnownFileType = sourcecode.c.objc; path = ViewController.m; sourceTree = "<group>"; };
		BFD1D1D01AB161B600C44AD8 /* Base */ = {isa = PBXFileReference; lastKnownFileType = file.storyboard; name = Base; path = Base.lproj/Main.storyboard; sourceTree = "<group>"; };
		BFD1D1D21AB161B600C44AD8 /* Images.xcassets */ = {isa = PBXFileReference; lastKnownFileType = folder.assetcatalog; path = Images.xcassets; sourceTree = "<group>"; };
		BFD1D1D51AB161B600C44AD8 /* Base */ = {isa = PBXFileReference; lastKnownFileType = file.xib; name = Base; path = Base.lproj/LaunchScreen.xib; sourceTree = "<group>"; };
		BFD1D1DB1AB161B600C44AD8 /* train14Tests.xctest */ = {isa = PBXFileReference; explicitFileType = wrapper.cfbundle; includeInIndex = 0; path = train14Tests.xctest; sourceTree = BUILT_PRODUCTS_DIR; };
		BFD1D1E01AB161B600C44AD8 /* Info.plist */ = {isa = PBXFileReference; lastKnownFileType = text.plist.xml; path = Info.plist; sourceTree = "<group>"; };
		BFD1D1E11AB161B600C44AD8 /* train14Tests.m */ = {isa = PBXFileReference; lastKnownFileType = sourcecode.c.objc; path = train14Tests.m; sourceTree = "<group>"; };
		BFD1D1EF1AB1635A00C44AD8 /* ja */ = {isa = PBXFileReference; lastKnownFileType = text.plist.strings; name = ja; path = ja.lproj/Main.strings; sourceTree = "<group>"; };
		BFD1D1F01AB1635A00C44AD8 /* ja */ = {isa = PBXFileReference; lastKnownFileType = text.plist.strings; name = ja; path = ja.lproj/LaunchScreen.strings; sourceTree = "<group>"; };
		BFD1D1F11AB1637100C44AD8 /* zh-Hant */ = {isa = PBXFileReference; lastKnownFileType = text.plist.strings; name = "zh-Hant"; path = "zh-Hant.lproj/Main.strings"; sourceTree = "<group>"; };
		BFD1D1F21AB1637100C44AD8 /* zh-Hant */ = {isa = PBXFileReference; lastKnownFileType = text.plist.strings; name = "zh-Hant"; path = "zh-Hant.lproj/LaunchScreen.strings"; sourceTree = "<group>"; };
		BFD1D2081AB167B300C44AD8 /* zh-Hant */ = {isa = PBXFileReference; lastKnownFileType = text.plist.strings; name = "zh-Hant"; path = "zh-Hant.lproj/Localizable.strings"; sourceTree = "<group>"; };
		BFD1D20A1AB167B600C44AD8 /* ja */ = {isa = PBXFileReference; lastKnownFileType = text.plist.strings; name = ja; path = ja.lproj/Localizable.strings; sourceTree = "<group>"; };
		BFD1D20B1AB167B700C44AD8 /* en */ = {isa = PBXFileReference; lastKnownFileType = text.plist.strings; name = en; path = en.lproj/Localizable.strings; sourceTree = "<group>"; };
		BFD1D2141AB16C3B00C44AD8 /* Info.plist */ = {isa = PBXFileReference; fileEncoding = 4; lastKnownFileType = text.plist.xml; path = Info.plist; sourceTree = "<group>"; };
		BFD1D2191AB16C7E00C44AD8 /* zh-Hant */ = {isa = PBXFileReference; lastKnownFileType = text.plist.strings; name = "zh-Hant"; path = "zh-Hant.lproj/InfoPlist.strings"; sourceTree = "<group>"; };
		BFD1D21B1AB16C7F00C44AD8 /* ja */ = {isa = PBXFileReference; lastKnownFileType = text.plist.strings; name = ja; path = ja.lproj/InfoPlist.strings; sourceTree = "<group>"; };
		BFD1D21C1AB16C8100C44AD8 /* en */ = {isa = PBXFileReference; lastKnownFileType = text.plist.strings; name = en; path = en.lproj/InfoPlist.strings; sourceTree = "<group>"; };
		BFD1D2201AB16D5100C44AD8 /* en */ = {isa = PBXFileReference; lastKnownFileType = image.png; name = en; path = en.lproj/flag.png; sourceTree = "<group>"; };
		BFD1D2221AB16D7800C44AD8 /* ja */ = {isa = PBXFileReference; lastKnownFileType = image.png; name = ja; path = ja.lproj/flag.png; sourceTree = "<group>"; };
		BFD1D2231AB16D7900C44AD8 /* zh-Hant */ = {isa = PBXFileReference; lastKnownFileType = image.png; name = "zh-Hant"; path = "zh-Hant.lproj/flag.png"; sourceTree = "<group>"; };
/* End PBXFileReference section */

/* Begin PBXFrameworksBuildPhase section */
		BFD1D1BF1AB161B600C44AD8 /* Frameworks */ = {
			isa = PBXFrameworksBuildPhase;
			buildActionMask = 2147483647;
			files = (
			);
			runOnlyForDeploymentPostprocessing = 0;
		};
		BFD1D1D81AB161B600C44AD8 /* Frameworks */ = {
			isa = PBXFrameworksBuildPhase;
			buildActionMask = 2147483647;
			files = (
			);
			runOnlyForDeploymentPostprocessing = 0;
		};
/* End PBXFrameworksBuildPhase section */

/* Begin PBXGroup section */
		BFD1D1B91AB161B600C44AD8 = {
			isa = PBXGroup;
			children = (
				BFD1D1C41AB161B600C44AD8 /* train14 */,
				BFD1D1DE1AB161B600C44AD8 /* train14Tests */,
				BFD1D1C31AB161B600C44AD8 /* Products */,
			);
			sourceTree = "<group>";
		};
		BFD1D1C31AB161B600C44AD8 /* Products */ = {
			isa = PBXGroup;
			children = (
				BFD1D1C21AB161B600C44AD8 /* train14.app */,
				BFD1D1DB1AB161B600C44AD8 /* train14Tests.xctest */,
			);
			name = Products;
			sourceTree = "<group>";
		};
		BFD1D1C41AB161B600C44AD8 /* train14 */ = {
			isa = PBXGroup;
			children = (
				BFD1D2211AB16D5100C44AD8 /* flag.png */,
				BFD1D1C91AB161B600C44AD8 /* AppDelegate.h */,
				BFD1D1CA1AB161B600C44AD8 /* AppDelegate.m */,
				BFD1D1CC1AB161B600C44AD8 /* ViewController.h */,
				BFD1D1CD1AB161B600C44AD8 /* ViewController.m */,
				BFD1D1CF1AB161B600C44AD8 /* Main.storyboard */,
				BFD1D1D21AB161B600C44AD8 /* Images.xcassets */,
				BFD1D1D41AB161B600C44AD8 /* LaunchScreen.xib */,
				BFD1D1C51AB161B600C44AD8 /* Supporting Files */,
				BFD1D2091AB167B300C44AD8 /* Localizable.strings */,
			);
			path = train14;
			sourceTree = "<group>";
		};
		BFD1D1C51AB161B600C44AD8 /* Supporting Files */ = {
			isa = PBXGroup;
			children = (
				BFD1D2141AB16C3B00C44AD8 /* Info.plist */,
				BFD1D1C71AB161B600C44AD8 /* main.m */,
				BFD1D21A1AB16C7E00C44AD8 /* InfoPlist.strings */,
			);
			name = "Supporting Files";
			sourceTree = "<group>";
		};
		BFD1D1DE1AB161B600C44AD8 /* train14Tests */ = {
			isa = PBXGroup;
			children = (
				BFD1D1E11AB161B600C44AD8 /* train14Tests.m */,
				BFD1D1DF1AB161B600C44AD8 /* Supporting Files */,
			);
			path = train14Tests;
			sourceTree = "<group>";
		};
		BFD1D1DF1AB161B600C44AD8 /* Supporting Files */ = {
			isa = PBXGroup;
			children = (
				BFD1D1E01AB161B600C44AD8 /* Info.plist */,
			);
			name = "Supporting Files";
			sourceTree = "<group>";
		};
/* End PBXGroup section */

/* Begin PBXNativeTarget section */
		BFD1D1C11AB161B600C44AD8 /* train14 */ = {
			isa = PBXNativeTarget;
			buildConfigurationList = BFD1D1E51AB161B600C44AD8 /* Build configuration list for PBXNativeTarget "train14" */;
			buildPhases = (
				BFD1D1BE1AB161B600C44AD8 /* Sources */,
				BFD1D1BF1AB161B600C44AD8 /* Frameworks */,
				BFD1D1C01AB161B600C44AD8 /* Resources */,
			);
			buildRules = (
			);
			dependencies = (
			);
			name = train14;
			productName = train14;
			productReference = BFD1D1C21AB161B600C44AD8 /* train14.app */;
			productType = "com.apple.product-type.application";
		};
		BFD1D1DA1AB161B600C44AD8 /* train14Tests */ = {
			isa = PBXNativeTarget;
			buildConfigurationList = BFD1D1E81AB161B600C44AD8 /* Build configuration list for PBXNativeTarget "train14Tests" */;
			buildPhases = (
				BFD1D1D71AB161B600C44AD8 /* Sources */,
				BFD1D1D81AB161B600C44AD8 /* Frameworks */,
				BFD1D1D91AB161B600C44AD8 /* Resources */,
			);
			buildRules = (
			);
			dependencies = (
				BFD1D1DD1AB161B600C44AD8 /* PBXTargetDependency */,
			);
			name = train14Tests;
			productName = train14Tests;
			productReference = BFD1D1DB1AB161B600C44AD8 /* train14Tests.xctest */;
			productType = "com.apple.product-type.bundle.unit-test";
		};
/* End PBXNativeTarget section */

/* Begin PBXProject section */
		BFD1D1BA1AB161B600C44AD8 /* Project object */ = {
			isa = PBXProject;
			attributes = {
				LastUpgradeCheck = 0610;
				ORGANIZATIONNAME = JimmyJeng;
				TargetAttributes = {
					BFD1D1C11AB161B600C44AD8 = {
						CreatedOnToolsVersion = 6.1.1;
					};
					BFD1D1DA1AB161B600C44AD8 = {
						CreatedOnToolsVersion = 6.1.1;
						TestTargetID = BFD1D1C11AB161B600C44AD8;
					};
				};
			};
			buildConfigurationList = BFD1D1BD1AB161B600C44AD8 /* Build configuration list for PBXProject "train14" */;
			compatibilityVersion = "Xcode 3.2";
			developmentRegion = English;
			hasScannedForEncodings = 0;
			knownRegions = (
				en,
				Base,
				ja,
				"zh-Hant",
			);
			mainGroup = BFD1D1B91AB161B600C44AD8;
			productRefGroup = BFD1D1C31AB161B600C44AD8 /* Products */;
			projectDirPath = "";
			projectRoot = "";
			targets = (
				BFD1D1C11AB161B600C44AD8 /* train14 */,
				BFD1D1DA1AB161B600C44AD8 /* train14Tests */,
			);
		};
/* End PBXProject section */

/* Begin PBXResourcesBuildPhase section */
		BFD1D1C01AB161B600C44AD8 /* Resources */ = {
			isa = PBXResourcesBuildPhase;
			buildActionMask = 2147483647;
			files = (
				BFD1D2151AB16C3B00C44AD8 /* Info.plist in Resources */,
				BFD1D2071AB167B300C44AD8 /* Localizable.strings in Resources */,
				BFD1D1D11AB161B600C44AD8 /* Main.storyboard in Resources */,
				BFD1D21F1AB16D5100C44AD8 /* flag.png in Resources */,
				BFD1D1D61AB161B600C44AD8 /* LaunchScreen.xib in Resources */,
				BFD1D2181AB16C7E00C44AD8 /* InfoPlist.strings in Resources */,
				BFD1D1D31AB161B600C44AD8 /* Images.xcassets in Resources */,
			);
			runOnlyForDeploymentPostprocessing = 0;
		};
		BFD1D1D91AB161B600C44AD8 /* Resources */ = {
			isa = PBXResourcesBuildPhase;
			buildActionMask = 2147483647;
			files = (
			);
			runOnlyForDeploymentPostprocessing = 0;
		};
/* End PBXResourcesBuildPhase section */

/* Begin PBXSourcesBuildPhase section */
		BFD1D1BE1AB161B600C44AD8 /* Sources */ = {
			isa = PBXSourcesBuildPhase;
			buildActionMask = 2147483647;
			files = (
				BFD1D1CE1AB161B600C44AD8 /* ViewController.m in Sources */,
				BFD1D1CB1AB161B600C44AD8 /* AppDelegate.m in Sources */,
				BFD1D1C81AB161B600C44AD8 /* main.m in Sources */,
			);
			runOnlyForDeploymentPostprocessing = 0;
		};
		BFD1D1D71AB161B600C44AD8 /* Sources */ = {
			isa = PBXSourcesBuildPhase;
			buildActionMask = 2147483647;
			files = (
				BFD1D1E21AB161B600C44AD8 /* train14Tests.m in Sources */,
			);
			runOnlyForDeploymentPostprocessing = 0;
		};
/* End PBXSourcesBuildPhase section */

/* Begin PBXTargetDependency section */
		BFD1D1DD1AB161B600C44AD8 /* PBXTargetDependency */ = {
			isa = PBXTargetDependency;
			target = BFD1D1C11AB161B600C44AD8 /* train14 */;
			targetProxy = BFD1D1DC1AB161B600C44AD8 /* PBXContainerItemProxy */;
		};
/* End PBXTargetDependency section */

/* Begin PBXVariantGroup section */
		BFD1D1CF1AB161B600C44AD8 /* Main.storyboard */ = {
			isa = PBXVariantGroup;
			children = (
				BFD1D1D01AB161B600C44AD8 /* Base */,
				BFD1D1EF1AB1635A00C44AD8 /* ja */,
				BFD1D1F11AB1637100C44AD8 /* zh-Hant */,
			);
			name = Main.storyboard;
			sourceTree = "<group>";
		};
		BFD1D1D41AB161B600C44AD8 /* LaunchScreen.xib */ = {
			isa = PBXVariantGroup;
			children = (
				BFD1D1D51AB161B600C44AD8 /* Base */,
				BFD1D1F01AB1635A00C44AD8 /* ja */,
				BFD1D1F21AB1637100C44AD8 /* zh-Hant */,
			);
			name = LaunchScreen.xib;
			sourceTree = "<group>";
		};
		BFD1D2091AB167B300C44AD8 /* Localizable.strings */ = {
			isa = PBXVariantGroup;
			children = (
				BFD1D2081AB167B300C44AD8 /* zh-Hant */,
				BFD1D20A1AB167B600C44AD8 /* ja */,
				BFD1D20B1AB167B700C44AD8 /* en */,
			);
			name = Localizable.strings;
			sourceTree = "<group>";
		};
		BFD1D21A1AB16C7E00C44AD8 /* InfoPlist.strings */ = {
			isa = PBXVariantGroup;
			children = (
				BFD1D2191AB16C7E00C44AD8 /* zh-Hant */,
				BFD1D21B1AB16C7F00C44AD8 /* ja */,
				BFD1D21C1AB16C8100C44AD8 /* en */,
			);
			name = InfoPlist.strings;
			sourceTree = "<group>";
		};
		BFD1D2211AB16D5100C44AD8 /* flag.png */ = {
			isa = PBXVariantGroup;
			children = (
				BFD1D2201AB16D5100C44AD8 /* en */,
				BFD1D2221AB16D7800C44AD8 /* ja */,
				BFD1D2231AB16D7900C44AD8 /* zh-Hant */,
			);
			name = flag.png;
			sourceTree = "<group>";
		};
/* End PBXVariantGroup section */

/* Begin XCBuildConfiguration section */
		BFD1D1E31AB161B600C44AD8 /* Debug */ = {
			isa = XCBuildConfiguration;
			buildSettings = {
				ALWAYS_SEARCH_USER_PATHS = NO;
				CLANG_CXX_LANGUAGE_STANDARD = "gnu++0x";
				CLANG_CXX_LIBRARY = "libc++";
				CLANG_ENABLE_MODULES = YES;
				CLANG_ENABLE_OBJC_ARC = YES;
				CLANG_WARN_BOOL_CONVERSION = YES;
				CLANG_WARN_CONSTANT_CONVERSION = YES;
				CLANG_WARN_DIRECT_OBJC_ISA_USAGE = YES_ERROR;
				CLANG_WARN_EMPTY_BODY = YES;
				CLANG_WARN_ENUM_CONVERSION = YES;
				CLANG_WARN_INT_CONVERSION = YES;
				CLANG_WARN_OBJC_ROOT_CLASS = YES_ERROR;
				CLANG_WARN_UNREACHABLE_CODE = YES;
				CLANG_WARN__DUPLICATE_METHOD_MATCH = YES;
				"CODE_SIGN_IDENTITY[sdk=iphoneos*]" = "iPhone Developer";
				COPY_PHASE_STRIP = NO;
				ENABLE_STRICT_OBJC_MSGSEND = YES;
				GCC_C_LANGUAGE_STANDARD = gnu99;
				GCC_DYNAMIC_NO_PIC = NO;
				GCC_OPTIMIZATION_LEVEL = 0;
				GCC_PREPROCESSOR_DEFINITIONS = (
					"DEBUG=1",
					"$(inherited)",
				);
				GCC_SYMBOLS_PRIVATE_EXTERN = NO;
				GCC_WARN_64_TO_32_BIT_CONVERSION = YES;
				GCC_WARN_ABOUT_RETURN_TYPE = YES_ERROR;
				GCC_WARN_UNDECLARED_SELECTOR = YES;
				GCC_WARN_UNINITIALIZED_AUTOS = YES_AGGRESSIVE;
				GCC_WARN_UNUSED_FUNCTION = YES;
				GCC_WARN_UNUSED_VARIABLE = YES;
				IPHONEOS_DEPLOYMENT_TARGET = 8.1;
				MTL_ENABLE_DEBUG_INFO = YES;
				ONLY_ACTIVE_ARCH = YES;
				SDKROOT = iphoneos;
				TARGETED_DEVICE_FAMILY = "1,2";
			};
			name = Debug;
		};
		BFD1D1E41AB161B600C44AD8 /* Release */ = {
			isa = XCBuildConfiguration;
			buildSettings = {
				ALWAYS_SEARCH_USER_PATHS = NO;
				CLANG_CXX_LANGUAGE_STANDARD = "gnu++0x";
				CLANG_CXX_LIBRARY = "libc++";
				CLANG_ENABLE_MODULES = YES;
				CLANG_ENABLE_OBJC_ARC = YES;
				CLANG_WARN_BOOL_CONVERSION = YES;
				CLANG_WARN_CONSTANT_CONVERSION = YES;
				CLANG_WARN_DIRECT_OBJC_ISA_USAGE = YES_ERROR;
				CLANG_WARN_EMPTY_BODY = YES;
				CLANG_WARN_ENUM_CONVERSION = YES;
				CLANG_WARN_INT_CONVERSION = YES;
				CLANG_WARN_OBJC_ROOT_CLASS = YES_ERROR;
				CLANG_WARN_UNREACHABLE_CODE = YES;
				CLANG_WARN__DUPLICATE_METHOD_MATCH = YES;
				"CODE_SIGN_IDENTITY[sdk=iphoneos*]" = "iPhone Developer";
				COPY_PHASE_STRIP = YES;
				ENABLE_NS_ASSERTIONS = NO;
				ENABLE_STRICT_OBJC_MSGSEND = YES;
				GCC_C_LANGUAGE_STANDARD = gnu99;
				GCC_WARN_64_TO_32_BIT_CONVERSION = YES;
				GCC_WARN_ABOUT_RETURN_TYPE = YES_ERROR;
				GCC_WARN_UNDECLARED_SELECTOR = YES;
				GCC_WARN_UNINITIALIZED_AUTOS = YES_AGGRESSIVE;
				GCC_WARN_UNUSED_FUNCTION = YES;
				GCC_WARN_UNUSED_VARIABLE = YES;
				IPHONEOS_DEPLOYMENT_TARGET = 8.1;
				MTL_ENABLE_DEBUG_INFO = NO;
				SDKROOT = iphoneos;
				TARGETED_DEVICE_FAMILY = "1,2";
				VALIDATE_PRODUCT = YES;
			};
			name = Release;
		};
		BFD1D1E61AB161B600C44AD8 /* Debug */ = {
			isa = XCBuildConfiguration;
			buildSettings = {
				ASSETCATALOG_COMPILER_APPICON_NAME = AppIcon;
				INFOPLIST_FILE = train14/Info.plist;
				LD_RUNPATH_SEARCH_PATHS = "$(inherited) @executable_path/Frameworks";
				PRODUCT_NAME = "$(TARGET_NAME)";
			};
			name = Debug;
		};
		BFD1D1E71AB161B600C44AD8 /* Release */ = {
			isa = XCBuildConfiguration;
			buildSettings = {
				ASSETCATALOG_COMPILER_APPICON_NAME = AppIcon;
				INFOPLIST_FILE = train14/Info.plist;
				LD_RUNPATH_SEARCH_PATHS = "$(inherited) @executable_path/Frameworks";
				PRODUCT_NAME = "$(TARGET_NAME)";
			};
			name = Release;
		};
		BFD1D1E91AB161B600C44AD8 /* Debug */ = {
			isa = XCBuildConfiguration;
			buildSettings = {
				BUNDLE_LOADER = "$(TEST_HOST)";
				FRAMEWORK_SEARCH_PATHS = (
					"$(SDKROOT)/Developer/Library/Frameworks",
					"$(inherited)",
				);
				GCC_PREPROCESSOR_DEFINITIONS = (
					"DEBUG=1",
					"$(inherited)",
				);
				INFOPLIST_FILE = train14Tests/Info.plist;
				LD_RUNPATH_SEARCH_PATHS = "$(inherited) @executable_path/Frameworks @loader_path/Frameworks";
				PRODUCT_NAME = "$(TARGET_NAME)";
				TEST_HOST = "$(BUILT_PRODUCTS_DIR)/train14.app/train14";
			};
			name = Debug;
		};
		BFD1D1EA1AB161B600C44AD8 /* Release */ = {
			isa = XCBuildConfiguration;
			buildSettings = {
				BUNDLE_LOADER = "$(TEST_HOST)";
				FRAMEWORK_SEARCH_PATHS = (
					"$(SDKROOT)/Developer/Library/Frameworks",
					"$(inherited)",
				);
				INFOPLIST_FILE = train14Tests/Info.plist;
				LD_RUNPATH_SEARCH_PATHS = "$(inherited) @executable_path/Frameworks @loader_path/Frameworks";
				PRODUCT_NAME = "$(TARGET_NAME)";
				TEST_HOST = "$(BUILT_PRODUCTS_DIR)/train14.app/train14";
			};
			name = Release;
		};
/* End XCBuildConfiguration section */

/* Begin XCConfigurationList section */
		BFD1D1BD1AB161B600C44AD8 /* Build configuration list for PBXProject "train14" */ = {
			isa = XCConfigurationList;
			buildConfigurations = (
				BFD1D1E31AB161B600C44AD8 /* Debug */,
				BFD1D1E41AB161B600C44AD8 /* Release */,
			);
			defaultConfigurationIsVisible = 0;
			defaultConfigurationName = Release;
		};
		BFD1D1E51AB161B600C44AD8 /* Build configuration list for PBXNativeTarget "train14" */ = {
			isa = XCConfigurationList;
			buildConfigurations = (
				BFD1D1E61AB161B600C44AD8 /* Debug */,
				BFD1D1E71AB161B600C44AD8 /* Release */,
			);
			defaultConfigurationIsVisible = 0;
		};
		BFD1D1E81AB161B600C44AD8 /* Build configuration list for PBXNativeTarget "train14Tests" */ = {
			isa = XCConfigurationList;
			buildConfigurations = (
				BFD1D1E91AB161B600C44AD8 /* Debug */,
				BFD1D1EA1AB161B600C44AD8 /* Release */,
			);
			defaultConfigurationIsVisible = 0;
		};
/* End XCConfigurationList section */
	};
	rootObject = BFD1D1BA1AB161B600C44AD8 /* Project object */;
}
