// !$*UTF8*$!
{
	archiveVersion = 1;
	classes = {
	};
	objectVersion = 46;
	objects = {

/* Begin PBXBuildFile section */
		BF29E6B01AA93CF100C6F4F0 /* AboutViewController.m in Sources */ = {isa = PBXBuildFile; fileRef = BF29E6AF1AA93CF100C6F4F0 /* AboutViewController.m */; };
		BF29E6B31AA96DCA00C6F4F0 /* Recipe.m in Sources */ = {isa = PBXBuildFile; fileRef = BF29E6B21AA96DCA00C6F4F0 /* Recipe.m */; };
		BF29E6EE1AA9738F00C6F4F0 /* angry_birds_cake.jpg in Resources */ = {isa = PBXBuildFile; fileRef = BF29E6DC1AA9738F00C6F4F0 /* angry_birds_cake.jpg */; };
		BF29E6EF1AA9738F00C6F4F0 /* creme_brelee.jpg in Resources */ = {isa = PBXBuildFile; fileRef = BF29E6DD1AA9738F00C6F4F0 /* creme_brelee.jpg */; };
		BF29E6F01AA9738F00C6F4F0 /* egg_benedict.jpg in Resources */ = {isa = PBXBuildFile; fileRef = BF29E6DE1AA9738F00C6F4F0 /* egg_benedict.jpg */; };
		BF29E6F11AA9738F00C6F4F0 /* full_breakfast.jpg in Resources */ = {isa = PBXBuildFile; fileRef = BF29E6DF1AA9738F00C6F4F0 /* full_breakfast.jpg */; };
		BF29E6F21AA9738F00C6F4F0 /* green_tea.jpg in Resources */ = {isa = PBXBuildFile; fileRef = BF29E6E01AA9738F00C6F4F0 /* green_tea.jpg */; };
		BF29E6F31AA9738F00C6F4F0 /* ham_and_cheese_panini.jpg in Resources */ = {isa = PBXBuildFile; fileRef = BF29E6E11AA9738F00C6F4F0 /* ham_and_cheese_panini.jpg */; };
		BF29E6F41AA9738F00C6F4F0 /* ham_and_egg_sandwich.jpg in Resources */ = {isa = PBXBuildFile; fileRef = BF29E6E21AA9738F00C6F4F0 /* ham_and_egg_sandwich.jpg */; };
		BF29E6F51AA9738F00C6F4F0 /* hamburger.jpg in Resources */ = {isa = PBXBuildFile; fileRef = BF29E6E31AA9738F00C6F4F0 /* hamburger.jpg */; };
		BF29E6F61AA9738F00C6F4F0 /* instant_noodle_with_egg.jpg in Resources */ = {isa = PBXBuildFile; fileRef = BF29E6E41AA9738F00C6F4F0 /* instant_noodle_with_egg.jpg */; };
		BF29E6F71AA9738F00C6F4F0 /* japanese_noodle_with_pork.jpg in Resources */ = {isa = PBXBuildFile; fileRef = BF29E6E51AA9738F00C6F4F0 /* japanese_noodle_with_pork.jpg */; };
		BF29E6F81AA9738F00C6F4F0 /* mushroom_risotto.jpg in Resources */ = {isa = PBXBuildFile; fileRef = BF29E6E61AA9738F00C6F4F0 /* mushroom_risotto.jpg */; };
		BF29E6F91AA9738F00C6F4F0 /* noodle_with_bbq_pork.jpg in Resources */ = {isa = PBXBuildFile; fileRef = BF29E6E71AA9738F00C6F4F0 /* noodle_with_bbq_pork.jpg */; };
		BF29E6FA1AA9738F00C6F4F0 /* photo-frame.png in Resources */ = {isa = PBXBuildFile; fileRef = BF29E6E81AA9738F00C6F4F0 /* photo-frame.png */; };
		BF29E6FB1AA9738F00C6F4F0 /* photo-frame@2x.png in Resources */ = {isa = PBXBuildFile; fileRef = BF29E6E91AA9738F00C6F4F0 /* photo-frame@2x.png */; };
		BF29E6FC1AA9738F00C6F4F0 /* starbucks_coffee.jpg in Resources */ = {isa = PBXBuildFile; fileRef = BF29E6EA1AA9738F00C6F4F0 /* starbucks_coffee.jpg */; };
		BF29E6FD1AA9738F00C6F4F0 /* thai_shrimp_cake.jpg in Resources */ = {isa = PBXBuildFile; fileRef = BF29E6EB1AA9738F00C6F4F0 /* thai_shrimp_cake.jpg */; };
		BF29E6FE1AA9738F00C6F4F0 /* vegetable_curry.jpg in Resources */ = {isa = PBXBuildFile; fileRef = BF29E6EC1AA9738F00C6F4F0 /* vegetable_curry.jpg */; };
		BF29E6FF1AA9738F00C6F4F0 /* white_chocolate_donut.jpg in Resources */ = {isa = PBXBuildFile; fileRef = BF29E6ED1AA9738F00C6F4F0 /* white_chocolate_donut.jpg */; };
		BF69E5101AA83FD200E9D5F1 /* main.m in Sources */ = {isa = PBXBuildFile; fileRef = BF69E50F1AA83FD200E9D5F1 /* main.m */; };
		BF69E5131AA83FD200E9D5F1 /* AppDelegate.m in Sources */ = {isa = PBXBuildFile; fileRef = BF69E5121AA83FD200E9D5F1 /* AppDelegate.m */; };
		BF69E5161AA83FD200E9D5F1 /* ViewController.m in Sources */ = {isa = PBXBuildFile; fileRef = BF69E5151AA83FD200E9D5F1 /* ViewController.m */; };
		BF69E5191AA83FD200E9D5F1 /* Main.storyboard in Resources */ = {isa = PBXBuildFile; fileRef = BF69E5171AA83FD200E9D5F1 /* Main.storyboard */; };
		BF69E51B1AA83FD200E9D5F1 /* Images.xcassets in Resources */ = {isa = PBXBuildFile; fileRef = BF69E51A1AA83FD200E9D5F1 /* Images.xcassets */; };
		BF69E51E1AA83FD200E9D5F1 /* LaunchScreen.xib in Resources */ = {isa = PBXBuildFile; fileRef = BF69E51C1AA83FD200E9D5F1 /* LaunchScreen.xib */; };
		BF69E52A1AA83FD200E9D5F1 /* train03Tests.m in Sources */ = {isa = PBXBuildFile; fileRef = BF69E5291AA83FD200E9D5F1 /* train03Tests.m */; };
		BF69E5351AA84D9400E9D5F1 /* RecipeDetailViewController.m in Sources */ = {isa = PBXBuildFile; fileRef = BF69E5341AA84D9400E9D5F1 /* RecipeDetailViewController.m */; };
/* End PBXBuildFile section */

/* Begin PBXContainerItemProxy section */
		BF69E5241AA83FD200E9D5F1 /* PBXContainerItemProxy */ = {
			isa = PBXContainerItemProxy;
			containerPortal = BF69E5021AA83FD200E9D5F1 /* Project object */;
			proxyType = 1;
			remoteGlobalIDString = BF69E5091AA83FD200E9D5F1;
			remoteInfo = train03;
		};
/* End PBXContainerItemProxy section */

/* Begin PBXFileReference section */
		BF29E6AE1AA93CF100C6F4F0 /* AboutViewController.h */ = {isa = PBXFileReference; fileEncoding = 4; lastKnownFileType = sourcecode.c.h; path = AboutViewController.h; sourceTree = "<group>"; };
		BF29E6AF1AA93CF100C6F4F0 /* AboutViewController.m */ = {isa = PBXFileReference; fileEncoding = 4; lastKnownFileType = sourcecode.c.objc; path = AboutViewController.m; sourceTree = "<group>"; };
		BF29E6B11AA96DCA00C6F4F0 /* Recipe.h */ = {isa = PBXFileReference; fileEncoding = 4; lastKnownFileType = sourcecode.c.h; path = Recipe.h; sourceTree = "<group>"; };
		BF29E6B21AA96DCA00C6F4F0 /* Recipe.m */ = {isa = PBXFileReference; fileEncoding = 4; lastKnownFileType = sourcecode.c.objc; path = Recipe.m; sourceTree = "<group>"; };
		BF29E6DC1AA9738F00C6F4F0 /* angry_birds_cake.jpg */ = {isa = PBXFileReference; lastKnownFileType = image.jpeg; path = angry_birds_cake.jpg; sourceTree = "<group>"; };
		BF29E6DD1AA9738F00C6F4F0 /* creme_brelee.jpg */ = {isa = PBXFileReference; lastKnownFileType = image.jpeg; path = creme_brelee.jpg; sourceTree = "<group>"; };
		BF29E6DE1AA9738F00C6F4F0 /* egg_benedict.jpg */ = {isa = PBXFileReference; lastKnownFileType = image.jpeg; path = egg_benedict.jpg; sourceTree = "<group>"; };
		BF29E6DF1AA9738F00C6F4F0 /* full_breakfast.jpg */ = {isa = PBXFileReference; lastKnownFileType = image.jpeg; path = full_breakfast.jpg; sourceTree = "<group>"; };
		BF29E6E01AA9738F00C6F4F0 /* green_tea.jpg */ = {isa = PBXFileReference; lastKnownFileType = image.jpeg; path = green_tea.jpg; sourceTree = "<group>"; };
		BF29E6E11AA9738F00C6F4F0 /* ham_and_cheese_panini.jpg */ = {isa = PBXFileReference; lastKnownFileType = image.jpeg; path = ham_and_cheese_panini.jpg; sourceTree = "<group>"; };
		BF29E6E21AA9738F00C6F4F0 /* ham_and_egg_sandwich.jpg */ = {isa = PBXFileReference; lastKnownFileType = image.jpeg; path = ham_and_egg_sandwich.jpg; sourceTree = "<group>"; };
		BF29E6E31AA9738F00C6F4F0 /* hamburger.jpg */ = {isa = PBXFileReference; lastKnownFileType = image.jpeg; path = hamburger.jpg; sourceTree = "<group>"; };
		BF29E6E41AA9738F00C6F4F0 /* instant_noodle_with_egg.jpg */ = {isa = PBXFileReference; lastKnownFileType = image.jpeg; path = instant_noodle_with_egg.jpg; sourceTree = "<group>"; };
		BF29E6E51AA9738F00C6F4F0 /* japanese_noodle_with_pork.jpg */ = {isa = PBXFileReference; lastKnownFileType = image.jpeg; path = japanese_noodle_with_pork.jpg; sourceTree = "<group>"; };
		BF29E6E61AA9738F00C6F4F0 /* mushroom_risotto.jpg */ = {isa = PBXFileReference; lastKnownFileType = image.jpeg; path = mushroom_risotto.jpg; sourceTree = "<group>"; };
		BF29E6E71AA9738F00C6F4F0 /* noodle_with_bbq_pork.jpg */ = {isa = PBXFileReference; lastKnownFileType = image.jpeg; path = noodle_with_bbq_pork.jpg; sourceTree = "<group>"; };
		BF29E6E81AA9738F00C6F4F0 /* photo-frame.png */ = {isa = PBXFileReference; lastKnownFileType = image.png; path = "photo-frame.png"; sourceTree = "<group>"; };
		BF29E6E91AA9738F00C6F4F0 /* photo-frame@2x.png */ = {isa = PBXFileReference; lastKnownFileType = image.png; path = "photo-frame@2x.png"; sourceTree = "<group>"; };
		BF29E6EA1AA9738F00C6F4F0 /* starbucks_coffee.jpg */ = {isa = PBXFileReference; lastKnownFileType = image.jpeg; path = starbucks_coffee.jpg; sourceTree = "<group>"; };
		BF29E6EB1AA9738F00C6F4F0 /* thai_shrimp_cake.jpg */ = {isa = PBXFileReference; lastKnownFileType = image.jpeg; path = thai_shrimp_cake.jpg; sourceTree = "<group>"; };
		BF29E6EC1AA9738F00C6F4F0 /* vegetable_curry.jpg */ = {isa = PBXFileReference; lastKnownFileType = image.jpeg; path = vegetable_curry.jpg; sourceTree = "<group>"; };
		BF29E6ED1AA9738F00C6F4F0 /* white_chocolate_donut.jpg */ = {isa = PBXFileReference; lastKnownFileType = image.jpeg; path = white_chocolate_donut.jpg; sourceTree = "<group>"; };
		BF69E50A1AA83FD200E9D5F1 /* train03.app */ = {isa = PBXFileReference; explicitFileType = wrapper.application; includeInIndex = 0; path = train03.app; sourceTree = BUILT_PRODUCTS_DIR; };
		BF69E50E1AA83FD200E9D5F1 /* Info.plist */ = {isa = PBXFileReference; lastKnownFileType = text.plist.xml; path = Info.plist; sourceTree = "<group>"; };
		BF69E50F1AA83FD200E9D5F1 /* main.m */ = {isa = PBXFileReference; lastKnownFileType = sourcecode.c.objc; path = main.m; sourceTree = "<group>"; };
		BF69E5111AA83FD200E9D5F1 /* AppDelegate.h */ = {isa = PBXFileReference; lastKnownFileType = sourcecode.c.h; path = AppDelegate.h; sourceTree = "<group>"; };
		BF69E5121AA83FD200E9D5F1 /* AppDelegate.m */ = {isa = PBXFileReference; lastKnownFileType = sourcecode.c.objc; path = AppDelegate.m; sourceTree = "<group>"; };
		BF69E5141AA83FD200E9D5F1 /* ViewController.h */ = {isa = PBXFileReference; lastKnownFileType = sourcecode.c.h; path = ViewController.h; sourceTree = "<group>"; };
		BF69E5151AA83FD200E9D5F1 /* ViewController.m */ = {isa = PBXFileReference; lastKnownFileType = sourcecode.c.objc; path = ViewController.m; sourceTree = "<group>"; };
		BF69E5181AA83FD200E9D5F1 /* Base */ = {isa = PBXFileReference; lastKnownFileType = file.storyboard; name = Base; path = Base.lproj/Main.storyboard; sourceTree = "<group>"; };
		BF69E51A1AA83FD200E9D5F1 /* Images.xcassets */ = {isa = PBXFileReference; lastKnownFileType = folder.assetcatalog; path = Images.xcassets; sourceTree = "<group>"; };
		BF69E51D1AA83FD200E9D5F1 /* Base */ = {isa = PBXFileReference; lastKnownFileType = file.xib; name = Base; path = Base.lproj/LaunchScreen.xib; sourceTree = "<group>"; };
		BF69E5231AA83FD200E9D5F1 /* train03Tests.xctest */ = {isa = PBXFileReference; explicitFileType = wrapper.cfbundle; includeInIndex = 0; path = train03Tests.xctest; sourceTree = BUILT_PRODUCTS_DIR; };
		BF69E5281AA83FD200E9D5F1 /* Info.plist */ = {isa = PBXFileReference; lastKnownFileType = text.plist.xml; path = Info.plist; sourceTree = "<group>"; };
		BF69E5291AA83FD200E9D5F1 /* train03Tests.m */ = {isa = PBXFileReference; lastKnownFileType = sourcecode.c.objc; path = train03Tests.m; sourceTree = "<group>"; };
		BF69E5331AA84D9400E9D5F1 /* RecipeDetailViewController.h */ = {isa = PBXFileReference; fileEncoding = 4; lastKnownFileType = sourcecode.c.h; path = RecipeDetailViewController.h; sourceTree = "<group>"; };
		BF69E5341AA84D9400E9D5F1 /* RecipeDetailViewController.m */ = {isa = PBXFileReference; fileEncoding = 4; lastKnownFileType = sourcecode.c.objc; path = RecipeDetailViewController.m; sourceTree = "<group>"; };
/* End PBXFileReference section */

/* Begin PBXFrameworksBuildPhase section */
		BF69E5071AA83FD200E9D5F1 /* Frameworks */ = {
			isa = PBXFrameworksBuildPhase;
			buildActionMask = 2147483647;
			files = (
			);
			runOnlyForDeploymentPostprocessing = 0;
		};
		BF69E5201AA83FD200E9D5F1 /* Frameworks */ = {
			isa = PBXFrameworksBuildPhase;
			buildActionMask = 2147483647;
			files = (
			);
			runOnlyForDeploymentPostprocessing = 0;
		};
/* End PBXFrameworksBuildPhase section */

/* Begin PBXGroup section */
		BF29E6DB1AA9738F00C6F4F0 /* RecipeBookImage */ = {
			isa = PBXGroup;
			children = (
				BF29E6DC1AA9738F00C6F4F0 /* angry_birds_cake.jpg */,
				BF29E6DD1AA9738F00C6F4F0 /* creme_brelee.jpg */,
				BF29E6DE1AA9738F00C6F4F0 /* egg_benedict.jpg */,
				BF29E6DF1AA9738F00C6F4F0 /* full_breakfast.jpg */,
				BF29E6E01AA9738F00C6F4F0 /* green_tea.jpg */,
				BF29E6E11AA9738F00C6F4F0 /* ham_and_cheese_panini.jpg */,
				BF29E6E21AA9738F00C6F4F0 /* ham_and_egg_sandwich.jpg */,
				BF29E6E31AA9738F00C6F4F0 /* hamburger.jpg */,
				BF29E6E41AA9738F00C6F4F0 /* instant_noodle_with_egg.jpg */,
				BF29E6E51AA9738F00C6F4F0 /* japanese_noodle_with_pork.jpg */,
				BF29E6E61AA9738F00C6F4F0 /* mushroom_risotto.jpg */,
				BF29E6E71AA9738F00C6F4F0 /* noodle_with_bbq_pork.jpg */,
				BF29E6E81AA9738F00C6F4F0 /* photo-frame.png */,
				BF29E6E91AA9738F00C6F4F0 /* photo-frame@2x.png */,
				BF29E6EA1AA9738F00C6F4F0 /* starbucks_coffee.jpg */,
				BF29E6EB1AA9738F00C6F4F0 /* thai_shrimp_cake.jpg */,
				BF29E6EC1AA9738F00C6F4F0 /* vegetable_curry.jpg */,
				BF29E6ED1AA9738F00C6F4F0 /* white_chocolate_donut.jpg */,
			);
			path = RecipeBookImage;
			sourceTree = "<group>";
		};
		BF69E5011AA83FD200E9D5F1 = {
			isa = PBXGroup;
			children = (
				BF69E50C1AA83FD200E9D5F1 /* train03 */,
				BF69E5261AA83FD200E9D5F1 /* train03Tests */,
				BF69E50B1AA83FD200E9D5F1 /* Products */,
			);
			sourceTree = "<group>";
		};
		BF69E50B1AA83FD200E9D5F1 /* Products */ = {
			isa = PBXGroup;
			children = (
				BF69E50A1AA83FD200E9D5F1 /* train03.app */,
				BF69E5231AA83FD200E9D5F1 /* train03Tests.xctest */,
			);
			name = Products;
			sourceTree = "<group>";
		};
		BF69E50C1AA83FD200E9D5F1 /* train03 */ = {
			isa = PBXGroup;
			children = (
				BF29E6DB1AA9738F00C6F4F0 /* RecipeBookImage */,
				BF69E5111AA83FD200E9D5F1 /* AppDelegate.h */,
				BF69E5121AA83FD200E9D5F1 /* AppDelegate.m */,
				BF69E5141AA83FD200E9D5F1 /* ViewController.h */,
				BF69E5151AA83FD200E9D5F1 /* ViewController.m */,
				BF69E5171AA83FD200E9D5F1 /* Main.storyboard */,
				BF69E51A1AA83FD200E9D5F1 /* Images.xcassets */,
				BF69E51C1AA83FD200E9D5F1 /* LaunchScreen.xib */,
				BF69E50D1AA83FD200E9D5F1 /* Supporting Files */,
				BF69E5331AA84D9400E9D5F1 /* RecipeDetailViewController.h */,
				BF69E5341AA84D9400E9D5F1 /* RecipeDetailViewController.m */,
				BF29E6AE1AA93CF100C6F4F0 /* AboutViewController.h */,
				BF29E6AF1AA93CF100C6F4F0 /* AboutViewController.m */,
				BF29E6B11AA96DCA00C6F4F0 /* Recipe.h */,
				BF29E6B21AA96DCA00C6F4F0 /* Recipe.m */,
			);
			path = train03;
			sourceTree = "<group>";
		};
		BF69E50D1AA83FD200E9D5F1 /* Supporting Files */ = {
			isa = PBXGroup;
			children = (
				BF69E50E1AA83FD200E9D5F1 /* Info.plist */,
				BF69E50F1AA83FD200E9D5F1 /* main.m */,
			);
			name = "Supporting Files";
			sourceTree = "<group>";
		};
		BF69E5261AA83FD200E9D5F1 /* train03Tests */ = {
			isa = PBXGroup;
			children = (
				BF69E5291AA83FD200E9D5F1 /* train03Tests.m */,
				BF69E5271AA83FD200E9D5F1 /* Supporting Files */,
			);
			path = train03Tests;
			sourceTree = "<group>";
		};
		BF69E5271AA83FD200E9D5F1 /* Supporting Files */ = {
			isa = PBXGroup;
			children = (
				BF69E5281AA83FD200E9D5F1 /* Info.plist */,
			);
			name = "Supporting Files";
			sourceTree = "<group>";
		};
/* End PBXGroup section */

/* Begin PBXNativeTarget section */
		BF69E5091AA83FD200E9D5F1 /* train03 */ = {
			isa = PBXNativeTarget;
			buildConfigurationList = BF69E52D1AA83FD200E9D5F1 /* Build configuration list for PBXNativeTarget "train03" */;
			buildPhases = (
				BF69E5061AA83FD200E9D5F1 /* Sources */,
				BF69E5071AA83FD200E9D5F1 /* Frameworks */,
				BF69E5081AA83FD200E9D5F1 /* Resources */,
			);
			buildRules = (
			);
			dependencies = (
			);
			name = train03;
			productName = train03;
			productReference = BF69E50A1AA83FD200E9D5F1 /* train03.app */;
			productType = "com.apple.product-type.application";
		};
		BF69E5221AA83FD200E9D5F1 /* train03Tests */ = {
			isa = PBXNativeTarget;
			buildConfigurationList = BF69E5301AA83FD200E9D5F1 /* Build configuration list for PBXNativeTarget "train03Tests" */;
			buildPhases = (
				BF69E51F1AA83FD200E9D5F1 /* Sources */,
				BF69E5201AA83FD200E9D5F1 /* Frameworks */,
				BF69E5211AA83FD200E9D5F1 /* Resources */,
			);
			buildRules = (
			);
			dependencies = (
				BF69E5251AA83FD200E9D5F1 /* PBXTargetDependency */,
			);
			name = train03Tests;
			productName = train03Tests;
			productReference = BF69E5231AA83FD200E9D5F1 /* train03Tests.xctest */;
			productType = "com.apple.product-type.bundle.unit-test";
		};
/* End PBXNativeTarget section */

/* Begin PBXProject section */
		BF69E5021AA83FD200E9D5F1 /* Project object */ = {
			isa = PBXProject;
			attributes = {
				LastUpgradeCheck = 0610;
				ORGANIZATIONNAME = JimmyJeng;
				TargetAttributes = {
					BF69E5091AA83FD200E9D5F1 = {
						CreatedOnToolsVersion = 6.1.1;
					};
					BF69E5221AA83FD200E9D5F1 = {
						CreatedOnToolsVersion = 6.1.1;
						TestTargetID = BF69E5091AA83FD200E9D5F1;
					};
				};
			};
			buildConfigurationList = BF69E5051AA83FD200E9D5F1 /* Build configuration list for PBXProject "train03" */;
			compatibilityVersion = "Xcode 3.2";
			developmentRegion = English;
			hasScannedForEncodings = 0;
			knownRegions = (
				en,
				Base,
			);
			mainGroup = BF69E5011AA83FD200E9D5F1;
			productRefGroup = BF69E50B1AA83FD200E9D5F1 /* Products */;
			projectDirPath = "";
			projectRoot = "";
			targets = (
				BF69E5091AA83FD200E9D5F1 /* train03 */,
				BF69E5221AA83FD200E9D5F1 /* train03Tests */,
			);
		};
/* End PBXProject section */

/* Begin PBXResourcesBuildPhase section */
		BF69E5081AA83FD200E9D5F1 /* Resources */ = {
			isa = PBXResourcesBuildPhase;
			buildActionMask = 2147483647;
			files = (
				BF29E6F11AA9738F00C6F4F0 /* full_breakfast.jpg in Resources */,
				BF69E5191AA83FD200E9D5F1 /* Main.storyboard in Resources */,
				BF29E6FB1AA9738F00C6F4F0 /* photo-frame@2x.png in Resources */,
				BF29E6EF1AA9738F00C6F4F0 /* creme_brelee.jpg in Resources */,
				BF69E51E1AA83FD200E9D5F1 /* LaunchScreen.xib in Resources */,
				BF29E6FA1AA9738F00C6F4F0 /* photo-frame.png in Resources */,
				BF29E6F61AA9738F00C6F4F0 /* instant_noodle_with_egg.jpg in Resources */,
				BF29E6F51AA9738F00C6F4F0 /* hamburger.jpg in Resources */,
				BF29E6F91AA9738F00C6F4F0 /* noodle_with_bbq_pork.jpg in Resources */,
				BF29E6FE1AA9738F00C6F4F0 /* vegetable_curry.jpg in Resources */,
				BF29E6FD1AA9738F00C6F4F0 /* thai_shrimp_cake.jpg in Resources */,
				BF29E6FF1AA9738F00C6F4F0 /* white_chocolate_donut.jpg in Resources */,
				BF29E6EE1AA9738F00C6F4F0 /* angry_birds_cake.jpg in Resources */,
				BF69E51B1AA83FD200E9D5F1 /* Images.xcassets in Resources */,
				BF29E6F31AA9738F00C6F4F0 /* ham_and_cheese_panini.jpg in Resources */,
				BF29E6FC1AA9738F00C6F4F0 /* starbucks_coffee.jpg in Resources */,
				BF29E6F21AA9738F00C6F4F0 /* green_tea.jpg in Resources */,
				BF29E6F81AA9738F00C6F4F0 /* mushroom_risotto.jpg in Resources */,
				BF29E6F01AA9738F00C6F4F0 /* egg_benedict.jpg in Resources */,
				BF29E6F41AA9738F00C6F4F0 /* ham_and_egg_sandwich.jpg in Resources */,
				BF29E6F71AA9738F00C6F4F0 /* japanese_noodle_with_pork.jpg in Resources */,
			);
			runOnlyForDeploymentPostprocessing = 0;
		};
		BF69E5211AA83FD200E9D5F1 /* Resources */ = {
			isa = PBXResourcesBuildPhase;
			buildActionMask = 2147483647;
			files = (
			);
			runOnlyForDeploymentPostprocessing = 0;
		};
/* End PBXResourcesBuildPhase section */

/* Begin PBXSourcesBuildPhase section */
		BF69E5061AA83FD200E9D5F1 /* Sources */ = {
			isa = PBXSourcesBuildPhase;
			buildActionMask = 2147483647;
			files = (
				BF69E5161AA83FD200E9D5F1 /* ViewController.m in Sources */,
				BF29E6B31AA96DCA00C6F4F0 /* Recipe.m in Sources */,
				BF29E6B01AA93CF100C6F4F0 /* AboutViewController.m in Sources */,
				BF69E5351AA84D9400E9D5F1 /* RecipeDetailViewController.m in Sources */,
				BF69E5131AA83FD200E9D5F1 /* AppDelegate.m in Sources */,
				BF69E5101AA83FD200E9D5F1 /* main.m in Sources */,
			);
			runOnlyForDeploymentPostprocessing = 0;
		};
		BF69E51F1AA83FD200E9D5F1 /* Sources */ = {
			isa = PBXSourcesBuildPhase;
			buildActionMask = 2147483647;
			files = (
				BF69E52A1AA83FD200E9D5F1 /* train03Tests.m in Sources */,
			);
			runOnlyForDeploymentPostprocessing = 0;
		};
/* End PBXSourcesBuildPhase section */

/* Begin PBXTargetDependency section */
		BF69E5251AA83FD200E9D5F1 /* PBXTargetDependency */ = {
			isa = PBXTargetDependency;
			target = BF69E5091AA83FD200E9D5F1 /* train03 */;
			targetProxy = BF69E5241AA83FD200E9D5F1 /* PBXContainerItemProxy */;
		};
/* End PBXTargetDependency section */

/* Begin PBXVariantGroup section */
		BF69E5171AA83FD200E9D5F1 /* Main.storyboard */ = {
			isa = PBXVariantGroup;
			children = (
				BF69E5181AA83FD200E9D5F1 /* Base */,
			);
			name = Main.storyboard;
			sourceTree = "<group>";
		};
		BF69E51C1AA83FD200E9D5F1 /* LaunchScreen.xib */ = {
			isa = PBXVariantGroup;
			children = (
				BF69E51D1AA83FD200E9D5F1 /* Base */,
			);
			name = LaunchScreen.xib;
			sourceTree = "<group>";
		};
/* End PBXVariantGroup section */

/* Begin XCBuildConfiguration section */
		BF69E52B1AA83FD200E9D5F1 /* Debug */ = {
			isa = XCBuildConfiguration;
			buildSettings = {
				ALWAYS_SEARCH_USER_PATHS = NO;
				CLANG_CXX_LANGUAGE_STANDARD = "gnu++0x";
				CLANG_CXX_LIBRARY = "libc++";
				CLANG_ENABLE_MODULES = YES;
				CLANG_ENABLE_OBJC_ARC = YES;
				CLANG_WARN_BOOL_CONVERSION = YES;
				CLANG_WARN_CONSTANT_CONVERSION = YES;
				CLANG_WARN_DIRECT_OBJC_ISA_USAGE = YES_ERROR;
				CLANG_WARN_EMPTY_BODY = YES;
				CLANG_WARN_ENUM_CONVERSION = YES;
				CLANG_WARN_INT_CONVERSION = YES;
				CLANG_WARN_OBJC_ROOT_CLASS = YES_ERROR;
				CLANG_WARN_UNREACHABLE_CODE = YES;
				CLANG_WARN__DUPLICATE_METHOD_MATCH = YES;
				"CODE_SIGN_IDENTITY[sdk=iphoneos*]" = "iPhone Developer";
				COPY_PHASE_STRIP = NO;
				ENABLE_STRICT_OBJC_MSGSEND = YES;
				GCC_C_LANGUAGE_STANDARD = gnu99;
				GCC_DYNAMIC_NO_PIC = NO;
				GCC_OPTIMIZATION_LEVEL = 0;
				GCC_PREPROCESSOR_DEFINITIONS = (
					"DEBUG=1",
					"$(inherited)",
				);
				GCC_SYMBOLS_PRIVATE_EXTERN = NO;
				GCC_WARN_64_TO_32_BIT_CONVERSION = YES;
				GCC_WARN_ABOUT_RETURN_TYPE = YES_ERROR;
				GCC_WARN_UNDECLARED_SELECTOR = YES;
				GCC_WARN_UNINITIALIZED_AUTOS = YES_AGGRESSIVE;
				GCC_WARN_UNUSED_FUNCTION = YES;
				GCC_WARN_UNUSED_VARIABLE = YES;
				IPHONEOS_DEPLOYMENT_TARGET = 8.1;
				MTL_ENABLE_DEBUG_INFO = YES;
				ONLY_ACTIVE_ARCH = YES;
				SDKROOT = iphoneos;
				TARGETED_DEVICE_FAMILY = "1,2";
			};
			name = Debug;
		};
		BF69E52C1AA83FD200E9D5F1 /* Release */ = {
			isa = XCBuildConfiguration;
			buildSettings = {
				ALWAYS_SEARCH_USER_PATHS = NO;
				CLANG_CXX_LANGUAGE_STANDARD = "gnu++0x";
				CLANG_CXX_LIBRARY = "libc++";
				CLANG_ENABLE_MODULES = YES;
				CLANG_ENABLE_OBJC_ARC = YES;
				CLANG_WARN_BOOL_CONVERSION = YES;
				CLANG_WARN_CONSTANT_CONVERSION = YES;
				CLANG_WARN_DIRECT_OBJC_ISA_USAGE = YES_ERROR;
				CLANG_WARN_EMPTY_BODY = YES;
				CLANG_WARN_ENUM_CONVERSION = YES;
				CLANG_WARN_INT_CONVERSION = YES;
				CLANG_WARN_OBJC_ROOT_CLASS = YES_ERROR;
				CLANG_WARN_UNREACHABLE_CODE = YES;
				CLANG_WARN__DUPLICATE_METHOD_MATCH = YES;
				"CODE_SIGN_IDENTITY[sdk=iphoneos*]" = "iPhone Developer";
				COPY_PHASE_STRIP = YES;
				ENABLE_NS_ASSERTIONS = NO;
				ENABLE_STRICT_OBJC_MSGSEND = YES;
				GCC_C_LANGUAGE_STANDARD = gnu99;
				GCC_WARN_64_TO_32_BIT_CONVERSION = YES;
				GCC_WARN_ABOUT_RETURN_TYPE = YES_ERROR;
				GCC_WARN_UNDECLARED_SELECTOR = YES;
				GCC_WARN_UNINITIALIZED_AUTOS = YES_AGGRESSIVE;
				GCC_WARN_UNUSED_FUNCTION = YES;
				GCC_WARN_UNUSED_VARIABLE = YES;
				IPHONEOS_DEPLOYMENT_TARGET = 8.1;
				MTL_ENABLE_DEBUG_INFO = NO;
				SDKROOT = iphoneos;
				TARGETED_DEVICE_FAMILY = "1,2";
				VALIDATE_PRODUCT = YES;
			};
			name = Release;
		};
		BF69E52E1AA83FD200E9D5F1 /* Debug */ = {
			isa = XCBuildConfiguration;
			buildSettings = {
				ASSETCATALOG_COMPILER_APPICON_NAME = AppIcon;
				CODE_SIGN_IDENTITY = "iPhone Developer: Jimmy Jeng (E7GZ46Q758)";
				INFOPLIST_FILE = train03/Info.plist;
				LD_RUNPATH_SEARCH_PATHS = "$(inherited) @executable_path/Frameworks";
				PRODUCT_NAME = "$(TARGET_NAME)";
				PROVISIONING_PROFILE = "b1479457-dfe9-4878-94ca-707ef327a0f6";
			};
			name = Debug;
		};
		BF69E52F1AA83FD200E9D5F1 /* Release */ = {
			isa = XCBuildConfiguration;
			buildSettings = {
				ASSETCATALOG_COMPILER_APPICON_NAME = AppIcon;
				CODE_SIGN_IDENTITY = "iPhone Developer: Jimmy Jeng (E7GZ46Q758)";
				INFOPLIST_FILE = train03/Info.plist;
				LD_RUNPATH_SEARCH_PATHS = "$(inherited) @executable_path/Frameworks";
				PRODUCT_NAME = "$(TARGET_NAME)";
				PROVISIONING_PROFILE = "b1479457-dfe9-4878-94ca-707ef327a0f6";
			};
			name = Release;
		};
		BF69E5311AA83FD200E9D5F1 /* Debug */ = {
			isa = XCBuildConfiguration;
			buildSettings = {
				BUNDLE_LOADER = "$(TEST_HOST)";
				FRAMEWORK_SEARCH_PATHS = (
					"$(SDKROOT)/Developer/Library/Frameworks",
					"$(inherited)",
				);
				GCC_PREPROCESSOR_DEFINITIONS = (
					"DEBUG=1",
					"$(inherited)",
				);
				INFOPLIST_FILE = train03Tests/Info.plist;
				LD_RUNPATH_SEARCH_PATHS = "$(inherited) @executable_path/Frameworks @loader_path/Frameworks";
				PRODUCT_NAME = "$(TARGET_NAME)";
				TEST_HOST = "$(BUILT_PRODUCTS_DIR)/train03.app/train03";
			};
			name = Debug;
		};
		BF69E5321AA83FD200E9D5F1 /* Release */ = {
			isa = XCBuildConfiguration;
			buildSettings = {
				BUNDLE_LOADER = "$(TEST_HOST)";
				FRAMEWORK_SEARCH_PATHS = (
					"$(SDKROOT)/Developer/Library/Frameworks",
					"$(inherited)",
				);
				INFOPLIST_FILE = train03Tests/Info.plist;
				LD_RUNPATH_SEARCH_PATHS = "$(inherited) @executable_path/Frameworks @loader_path/Frameworks";
				PRODUCT_NAME = "$(TARGET_NAME)";
				TEST_HOST = "$(BUILT_PRODUCTS_DIR)/train03.app/train03";
			};
			name = Release;
		};
/* End XCBuildConfiguration section */

/* Begin XCConfigurationList section */
		BF69E5051AA83FD200E9D5F1 /* Build configuration list for PBXProject "train03" */ = {
			isa = XCConfigurationList;
			buildConfigurations = (
				BF69E52B1AA83FD200E9D5F1 /* Debug */,
				BF69E52C1AA83FD200E9D5F1 /* Release */,
			);
			defaultConfigurationIsVisible = 0;
			defaultConfigurationName = Release;
		};
		BF69E52D1AA83FD200E9D5F1 /* Build configuration list for PBXNativeTarget "train03" */ = {
			isa = XCConfigurationList;
			buildConfigurations = (
				BF69E52E1AA83FD200E9D5F1 /* Debug */,
				BF69E52F1AA83FD200E9D5F1 /* Release */,
			);
			defaultConfigurationIsVisible = 0;
			defaultConfigurationName = Release;
		};
		BF69E5301AA83FD200E9D5F1 /* Build configuration list for PBXNativeTarget "train03Tests" */ = {
			isa = XCConfigurationList;
			buildConfigurations = (
				BF69E5311AA83FD200E9D5F1 /* Debug */,
				BF69E5321AA83FD200E9D5F1 /* Release */,
			);
			defaultConfigurationIsVisible = 0;
			defaultConfigurationName = Release;
		};
/* End XCConfigurationList section */
	};
	rootObject = BF69E5021AA83FD200E9D5F1 /* Project object */;
}
