// !$*UTF8*$!
{
	archiveVersion = 1;
	classes = {
	};
	objectVersion = 46;
	objects = {

/* Begin PBXBuildFile section */
		BF3744751AB13645008B9F98 /* main.m in Sources */ = {isa = PBXBuildFile; fileRef = BF3744741AB13645008B9F98 /* main.m */; };
		BF3744781AB13645008B9F98 /* AppDelegate.m in Sources */ = {isa = PBXBuildFile; fileRef = BF3744771AB13645008B9F98 /* AppDelegate.m */; };
		BF37447B1AB13645008B9F98 /* ViewController.m in Sources */ = {isa = PBXBuildFile; fileRef = BF37447A1AB13645008B9F98 /* ViewController.m */; };
		BF37447E1AB13645008B9F98 /* Main.storyboard in Resources */ = {isa = PBXBuildFile; fileRef = BF37447C1AB13645008B9F98 /* Main.storyboard */; };
		BF3744801AB13645008B9F98 /* Images.xcassets in Resources */ = {isa = PBXBuildFile; fileRef = BF37447F1AB13645008B9F98 /* Images.xcassets */; };
		BF3744831AB13645008B9F98 /* LaunchScreen.xib in Resources */ = {isa = PBXBuildFile; fileRef = BF3744811AB13645008B9F98 /* LaunchScreen.xib */; };
		BF37448F1AB13645008B9F98 /* train13Tests.m in Sources */ = {isa = PBXBuildFile; fileRef = BF37448E1AB13645008B9F98 /* train13Tests.m */; };
		BF3744991AB13664008B9F98 /* json.txt in Resources */ = {isa = PBXBuildFile; fileRef = BF3744981AB13664008B9F98 /* json.txt */; };
		BF3744A11AB138B6008B9F98 /* JsonCell.m in Sources */ = {isa = PBXBuildFile; fileRef = BF3744A01AB138B6008B9F98 /* JsonCell.m */; };
		BF3744A31AB13E7F008B9F98 /* JsonCell.xib in Resources */ = {isa = PBXBuildFile; fileRef = BF3744A21AB13E7F008B9F98 /* JsonCell.xib */; };
		BF3744A51AB15FA8008B9F98 /* source.png in Resources */ = {isa = PBXBuildFile; fileRef = BF3744A41AB15FA8008B9F98 /* source.png */; };
		BFD1D2131AB16C3100C44AD8 /* Info.plist in Resources */ = {isa = PBXBuildFile; fileRef = BFD1D2121AB16C3100C44AD8 /* Info.plist */; };
/* End PBXBuildFile section */

/* Begin PBXContainerItemProxy section */
		BF3744891AB13645008B9F98 /* PBXContainerItemProxy */ = {
			isa = PBXContainerItemProxy;
			containerPortal = BF3744671AB13645008B9F98 /* Project object */;
			proxyType = 1;
			remoteGlobalIDString = BF37446E1AB13645008B9F98;
			remoteInfo = train13;
		};
/* End PBXContainerItemProxy section */

/* Begin PBXFileReference section */
		BF37446F1AB13645008B9F98 /* train13.app */ = {isa = PBXFileReference; explicitFileType = wrapper.application; includeInIndex = 0; path = train13.app; sourceTree = BUILT_PRODUCTS_DIR; };
		BF3744741AB13645008B9F98 /* main.m */ = {isa = PBXFileReference; lastKnownFileType = sourcecode.c.objc; path = main.m; sourceTree = "<group>"; };
		BF3744761AB13645008B9F98 /* AppDelegate.h */ = {isa = PBXFileReference; lastKnownFileType = sourcecode.c.h; path = AppDelegate.h; sourceTree = "<group>"; };
		BF3744771AB13645008B9F98 /* AppDelegate.m */ = {isa = PBXFileReference; lastKnownFileType = sourcecode.c.objc; path = AppDelegate.m; sourceTree = "<group>"; };
		BF3744791AB13645008B9F98 /* ViewController.h */ = {isa = PBXFileReference; lastKnownFileType = sourcecode.c.h; path = ViewController.h; sourceTree = "<group>"; };
		BF37447A1AB13645008B9F98 /* ViewController.m */ = {isa = PBXFileReference; lastKnownFileType = sourcecode.c.objc; path = ViewController.m; sourceTree = "<group>"; };
		BF37447D1AB13645008B9F98 /* Base */ = {isa = PBXFileReference; lastKnownFileType = file.storyboard; name = Base; path = Base.lproj/Main.storyboard; sourceTree = "<group>"; };
		BF37447F1AB13645008B9F98 /* Images.xcassets */ = {isa = PBXFileReference; lastKnownFileType = folder.assetcatalog; path = Images.xcassets; sourceTree = "<group>"; };
		BF3744821AB13645008B9F98 /* Base */ = {isa = PBXFileReference; lastKnownFileType = file.xib; name = Base; path = Base.lproj/LaunchScreen.xib; sourceTree = "<group>"; };
		BF3744881AB13645008B9F98 /* train13Tests.xctest */ = {isa = PBXFileReference; explicitFileType = wrapper.cfbundle; includeInIndex = 0; path = train13Tests.xctest; sourceTree = BUILT_PRODUCTS_DIR; };
		BF37448D1AB13645008B9F98 /* Info.plist */ = {isa = PBXFileReference; lastKnownFileType = text.plist.xml; path = Info.plist; sourceTree = "<group>"; };
		BF37448E1AB13645008B9F98 /* train13Tests.m */ = {isa = PBXFileReference; lastKnownFileType = sourcecode.c.objc; path = train13Tests.m; sourceTree = "<group>"; };
		BF3744981AB13664008B9F98 /* json.txt */ = {isa = PBXFileReference; fileEncoding = 4; lastKnownFileType = text; path = json.txt; sourceTree = "<group>"; };
		BF37449F1AB138B6008B9F98 /* JsonCell.h */ = {isa = PBXFileReference; fileEncoding = 4; lastKnownFileType = sourcecode.c.h; path = JsonCell.h; sourceTree = "<group>"; };
		BF3744A01AB138B6008B9F98 /* JsonCell.m */ = {isa = PBXFileReference; fileEncoding = 4; lastKnownFileType = sourcecode.c.objc; path = JsonCell.m; sourceTree = "<group>"; };
		BF3744A21AB13E7F008B9F98 /* JsonCell.xib */ = {isa = PBXFileReference; fileEncoding = 4; lastKnownFileType = file.xib; path = JsonCell.xib; sourceTree = "<group>"; };
		BF3744A41AB15FA8008B9F98 /* source.png */ = {isa = PBXFileReference; lastKnownFileType = image.png; path = source.png; sourceTree = "<group>"; };
		BFD1D2121AB16C3100C44AD8 /* Info.plist */ = {isa = PBXFileReference; fileEncoding = 4; lastKnownFileType = text.plist.xml; path = Info.plist; sourceTree = "<group>"; };
/* End PBXFileReference section */

/* Begin PBXFrameworksBuildPhase section */
		BF37446C1AB13645008B9F98 /* Frameworks */ = {
			isa = PBXFrameworksBuildPhase;
			buildActionMask = 2147483647;
			files = (
			);
			runOnlyForDeploymentPostprocessing = 0;
		};
		BF3744851AB13645008B9F98 /* Frameworks */ = {
			isa = PBXFrameworksBuildPhase;
			buildActionMask = 2147483647;
			files = (
			);
			runOnlyForDeploymentPostprocessing = 0;
		};
/* End PBXFrameworksBuildPhase section */

/* Begin PBXGroup section */
		BF3744661AB13645008B9F98 = {
			isa = PBXGroup;
			children = (
				BF3744711AB13645008B9F98 /* train13 */,
				BF37448B1AB13645008B9F98 /* train13Tests */,
				BF3744701AB13645008B9F98 /* Products */,
			);
			sourceTree = "<group>";
		};
		BF3744701AB13645008B9F98 /* Products */ = {
			isa = PBXGroup;
			children = (
				BF37446F1AB13645008B9F98 /* train13.app */,
				BF3744881AB13645008B9F98 /* train13Tests.xctest */,
			);
			name = Products;
			sourceTree = "<group>";
		};
		BF3744711AB13645008B9F98 /* train13 */ = {
			isa = PBXGroup;
			children = (
				BF3744A41AB15FA8008B9F98 /* source.png */,
				BF3744761AB13645008B9F98 /* AppDelegate.h */,
				BF3744771AB13645008B9F98 /* AppDelegate.m */,
				BF3744791AB13645008B9F98 /* ViewController.h */,
				BF37447A1AB13645008B9F98 /* ViewController.m */,
				BF37447C1AB13645008B9F98 /* Main.storyboard */,
				BF37447F1AB13645008B9F98 /* Images.xcassets */,
				BF3744811AB13645008B9F98 /* LaunchScreen.xib */,
				BF3744721AB13645008B9F98 /* Supporting Files */,
				BF3744981AB13664008B9F98 /* json.txt */,
				BF37449F1AB138B6008B9F98 /* JsonCell.h */,
				BF3744A01AB138B6008B9F98 /* JsonCell.m */,
				BF3744A21AB13E7F008B9F98 /* JsonCell.xib */,
			);
			path = train13;
			sourceTree = "<group>";
		};
		BF3744721AB13645008B9F98 /* Supporting Files */ = {
			isa = PBXGroup;
			children = (
				BFD1D2121AB16C3100C44AD8 /* Info.plist */,
				BF3744741AB13645008B9F98 /* main.m */,
			);
			name = "Supporting Files";
			sourceTree = "<group>";
		};
		BF37448B1AB13645008B9F98 /* train13Tests */ = {
			isa = PBXGroup;
			children = (
				BF37448E1AB13645008B9F98 /* train13Tests.m */,
				BF37448C1AB13645008B9F98 /* Supporting Files */,
			);
			path = train13Tests;
			sourceTree = "<group>";
		};
		BF37448C1AB13645008B9F98 /* Supporting Files */ = {
			isa = PBXGroup;
			children = (
				BF37448D1AB13645008B9F98 /* Info.plist */,
			);
			name = "Supporting Files";
			sourceTree = "<group>";
		};
/* End PBXGroup section */

/* Begin PBXNativeTarget section */
		BF37446E1AB13645008B9F98 /* train13 */ = {
			isa = PBXNativeTarget;
			buildConfigurationList = BF3744921AB13645008B9F98 /* Build configuration list for PBXNativeTarget "train13" */;
			buildPhases = (
				BF37446B1AB13645008B9F98 /* Sources */,
				BF37446C1AB13645008B9F98 /* Frameworks */,
				BF37446D1AB13645008B9F98 /* Resources */,
			);
			buildRules = (
			);
			dependencies = (
			);
			name = train13;
			productName = train13;
			productReference = BF37446F1AB13645008B9F98 /* train13.app */;
			productType = "com.apple.product-type.application";
		};
		BF3744871AB13645008B9F98 /* train13Tests */ = {
			isa = PBXNativeTarget;
			buildConfigurationList = BF3744951AB13645008B9F98 /* Build configuration list for PBXNativeTarget "train13Tests" */;
			buildPhases = (
				BF3744841AB13645008B9F98 /* Sources */,
				BF3744851AB13645008B9F98 /* Frameworks */,
				BF3744861AB13645008B9F98 /* Resources */,
			);
			buildRules = (
			);
			dependencies = (
				BF37448A1AB13645008B9F98 /* PBXTargetDependency */,
			);
			name = train13Tests;
			productName = train13Tests;
			productReference = BF3744881AB13645008B9F98 /* train13Tests.xctest */;
			productType = "com.apple.product-type.bundle.unit-test";
		};
/* End PBXNativeTarget section */

/* Begin PBXProject section */
		BF3744671AB13645008B9F98 /* Project object */ = {
			isa = PBXProject;
			attributes = {
				LastUpgradeCheck = 0610;
				ORGANIZATIONNAME = JimmyJeng;
				TargetAttributes = {
					BF37446E1AB13645008B9F98 = {
						CreatedOnToolsVersion = 6.1.1;
					};
					BF3744871AB13645008B9F98 = {
						CreatedOnToolsVersion = 6.1.1;
						TestTargetID = BF37446E1AB13645008B9F98;
					};
				};
			};
			buildConfigurationList = BF37446A1AB13645008B9F98 /* Build configuration list for PBXProject "train13" */;
			compatibilityVersion = "Xcode 3.2";
			developmentRegion = English;
			hasScannedForEncodings = 0;
			knownRegions = (
				en,
				Base,
			);
			mainGroup = BF3744661AB13645008B9F98;
			productRefGroup = BF3744701AB13645008B9F98 /* Products */;
			projectDirPath = "";
			projectRoot = "";
			targets = (
				BF37446E1AB13645008B9F98 /* train13 */,
				BF3744871AB13645008B9F98 /* train13Tests */,
			);
		};
/* End PBXProject section */

/* Begin PBXResourcesBuildPhase section */
		BF37446D1AB13645008B9F98 /* Resources */ = {
			isa = PBXResourcesBuildPhase;
			buildActionMask = 2147483647;
			files = (
				BF3744991AB13664008B9F98 /* json.txt in Resources */,
				BF37447E1AB13645008B9F98 /* Main.storyboard in Resources */,
				BF3744A31AB13E7F008B9F98 /* JsonCell.xib in Resources */,
				BF3744831AB13645008B9F98 /* LaunchScreen.xib in Resources */,
				BF3744801AB13645008B9F98 /* Images.xcassets in Resources */,
				BF3744A51AB15FA8008B9F98 /* source.png in Resources */,
				BFD1D2131AB16C3100C44AD8 /* Info.plist in Resources */,
			);
			runOnlyForDeploymentPostprocessing = 0;
		};
		BF3744861AB13645008B9F98 /* Resources */ = {
			isa = PBXResourcesBuildPhase;
			buildActionMask = 2147483647;
			files = (
			);
			runOnlyForDeploymentPostprocessing = 0;
		};
/* End PBXResourcesBuildPhase section */

/* Begin PBXSourcesBuildPhase section */
		BF37446B1AB13645008B9F98 /* Sources */ = {
			isa = PBXSourcesBuildPhase;
			buildActionMask = 2147483647;
			files = (
				BF37447B1AB13645008B9F98 /* ViewController.m in Sources */,
				BF3744781AB13645008B9F98 /* AppDelegate.m in Sources */,
				BF3744751AB13645008B9F98 /* main.m in Sources */,
				BF3744A11AB138B6008B9F98 /* JsonCell.m in Sources */,
			);
			runOnlyForDeploymentPostprocessing = 0;
		};
		BF3744841AB13645008B9F98 /* Sources */ = {
			isa = PBXSourcesBuildPhase;
			buildActionMask = 2147483647;
			files = (
				BF37448F1AB13645008B9F98 /* train13Tests.m in Sources */,
			);
			runOnlyForDeploymentPostprocessing = 0;
		};
/* End PBXSourcesBuildPhase section */

/* Begin PBXTargetDependency section */
		BF37448A1AB13645008B9F98 /* PBXTargetDependency */ = {
			isa = PBXTargetDependency;
			target = BF37446E1AB13645008B9F98 /* train13 */;
			targetProxy = BF3744891AB13645008B9F98 /* PBXContainerItemProxy */;
		};
/* End PBXTargetDependency section */

/* Begin PBXVariantGroup section */
		BF37447C1AB13645008B9F98 /* Main.storyboard */ = {
			isa = PBXVariantGroup;
			children = (
				BF37447D1AB13645008B9F98 /* Base */,
			);
			name = Main.storyboard;
			sourceTree = "<group>";
		};
		BF3744811AB13645008B9F98 /* LaunchScreen.xib */ = {
			isa = PBXVariantGroup;
			children = (
				BF3744821AB13645008B9F98 /* Base */,
			);
			name = LaunchScreen.xib;
			sourceTree = "<group>";
		};
/* End PBXVariantGroup section */

/* Begin XCBuildConfiguration section */
		BF3744901AB13645008B9F98 /* Debug */ = {
			isa = XCBuildConfiguration;
			buildSettings = {
				ALWAYS_SEARCH_USER_PATHS = NO;
				CLANG_CXX_LANGUAGE_STANDARD = "gnu++0x";
				CLANG_CXX_LIBRARY = "libc++";
				CLANG_ENABLE_MODULES = YES;
				CLANG_ENABLE_OBJC_ARC = YES;
				CLANG_WARN_BOOL_CONVERSION = YES;
				CLANG_WARN_CONSTANT_CONVERSION = YES;
				CLANG_WARN_DIRECT_OBJC_ISA_USAGE = YES_ERROR;
				CLANG_WARN_EMPTY_BODY = YES;
				CLANG_WARN_ENUM_CONVERSION = YES;
				CLANG_WARN_INT_CONVERSION = YES;
				CLANG_WARN_OBJC_ROOT_CLASS = YES_ERROR;
				CLANG_WARN_UNREACHABLE_CODE = YES;
				CLANG_WARN__DUPLICATE_METHOD_MATCH = YES;
				"CODE_SIGN_IDENTITY[sdk=iphoneos*]" = "iPhone Developer";
				COPY_PHASE_STRIP = NO;
				ENABLE_STRICT_OBJC_MSGSEND = YES;
				GCC_C_LANGUAGE_STANDARD = gnu99;
				GCC_DYNAMIC_NO_PIC = NO;
				GCC_OPTIMIZATION_LEVEL = 0;
				GCC_PREPROCESSOR_DEFINITIONS = (
					"DEBUG=1",
					"$(inherited)",
				);
				GCC_SYMBOLS_PRIVATE_EXTERN = NO;
				GCC_WARN_64_TO_32_BIT_CONVERSION = YES;
				GCC_WARN_ABOUT_RETURN_TYPE = YES_ERROR;
				GCC_WARN_UNDECLARED_SELECTOR = YES;
				GCC_WARN_UNINITIALIZED_AUTOS = YES_AGGRESSIVE;
				GCC_WARN_UNUSED_FUNCTION = YES;
				GCC_WARN_UNUSED_VARIABLE = YES;
				IPHONEOS_DEPLOYMENT_TARGET = 8.1;
				MTL_ENABLE_DEBUG_INFO = YES;
				ONLY_ACTIVE_ARCH = YES;
				SDKROOT = iphoneos;
				TARGETED_DEVICE_FAMILY = "1,2";
			};
			name = Debug;
		};
		BF3744911AB13645008B9F98 /* Release */ = {
			isa = XCBuildConfiguration;
			buildSettings = {
				ALWAYS_SEARCH_USER_PATHS = NO;
				CLANG_CXX_LANGUAGE_STANDARD = "gnu++0x";
				CLANG_CXX_LIBRARY = "libc++";
				CLANG_ENABLE_MODULES = YES;
				CLANG_ENABLE_OBJC_ARC = YES;
				CLANG_WARN_BOOL_CONVERSION = YES;
				CLANG_WARN_CONSTANT_CONVERSION = YES;
				CLANG_WARN_DIRECT_OBJC_ISA_USAGE = YES_ERROR;
				CLANG_WARN_EMPTY_BODY = YES;
				CLANG_WARN_ENUM_CONVERSION = YES;
				CLANG_WARN_INT_CONVERSION = YES;
				CLANG_WARN_OBJC_ROOT_CLASS = YES_ERROR;
				CLANG_WARN_UNREACHABLE_CODE = YES;
				CLANG_WARN__DUPLICATE_METHOD_MATCH = YES;
				"CODE_SIGN_IDENTITY[sdk=iphoneos*]" = "iPhone Developer";
				COPY_PHASE_STRIP = YES;
				ENABLE_NS_ASSERTIONS = NO;
				ENABLE_STRICT_OBJC_MSGSEND = YES;
				GCC_C_LANGUAGE_STANDARD = gnu99;
				GCC_WARN_64_TO_32_BIT_CONVERSION = YES;
				GCC_WARN_ABOUT_RETURN_TYPE = YES_ERROR;
				GCC_WARN_UNDECLARED_SELECTOR = YES;
				GCC_WARN_UNINITIALIZED_AUTOS = YES_AGGRESSIVE;
				GCC_WARN_UNUSED_FUNCTION = YES;
				GCC_WARN_UNUSED_VARIABLE = YES;
				IPHONEOS_DEPLOYMENT_TARGET = 8.1;
				MTL_ENABLE_DEBUG_INFO = NO;
				SDKROOT = iphoneos;
				TARGETED_DEVICE_FAMILY = "1,2";
				VALIDATE_PRODUCT = YES;
			};
			name = Release;
		};
		BF3744931AB13645008B9F98 /* Debug */ = {
			isa = XCBuildConfiguration;
			buildSettings = {
				ASSETCATALOG_COMPILER_APPICON_NAME = AppIcon;
				INFOPLIST_FILE = train13/Info.plist;
				LD_RUNPATH_SEARCH_PATHS = "$(inherited) @executable_path/Frameworks";
				PRODUCT_NAME = "$(TARGET_NAME)";
			};
			name = Debug;
		};
		BF3744941AB13645008B9F98 /* Release */ = {
			isa = XCBuildConfiguration;
			buildSettings = {
				ASSETCATALOG_COMPILER_APPICON_NAME = AppIcon;
				INFOPLIST_FILE = train13/Info.plist;
				LD_RUNPATH_SEARCH_PATHS = "$(inherited) @executable_path/Frameworks";
				PRODUCT_NAME = "$(TARGET_NAME)";
			};
			name = Release;
		};
		BF3744961AB13645008B9F98 /* Debug */ = {
			isa = XCBuildConfiguration;
			buildSettings = {
				BUNDLE_LOADER = "$(TEST_HOST)";
				FRAMEWORK_SEARCH_PATHS = (
					"$(SDKROOT)/Developer/Library/Frameworks",
					"$(inherited)",
				);
				GCC_PREPROCESSOR_DEFINITIONS = (
					"DEBUG=1",
					"$(inherited)",
				);
				INFOPLIST_FILE = train13Tests/Info.plist;
				LD_RUNPATH_SEARCH_PATHS = "$(inherited) @executable_path/Frameworks @loader_path/Frameworks";
				PRODUCT_NAME = "$(TARGET_NAME)";
				TEST_HOST = "$(BUILT_PRODUCTS_DIR)/train13.app/train13";
			};
			name = Debug;
		};
		BF3744971AB13645008B9F98 /* Release */ = {
			isa = XCBuildConfiguration;
			buildSettings = {
				BUNDLE_LOADER = "$(TEST_HOST)";
				FRAMEWORK_SEARCH_PATHS = (
					"$(SDKROOT)/Developer/Library/Frameworks",
					"$(inherited)",
				);
				INFOPLIST_FILE = train13Tests/Info.plist;
				LD_RUNPATH_SEARCH_PATHS = "$(inherited) @executable_path/Frameworks @loader_path/Frameworks";
				PRODUCT_NAME = "$(TARGET_NAME)";
				TEST_HOST = "$(BUILT_PRODUCTS_DIR)/train13.app/train13";
			};
			name = Release;
		};
/* End XCBuildConfiguration section */

/* Begin XCConfigurationList section */
		BF37446A1AB13645008B9F98 /* Build configuration list for PBXProject "train13" */ = {
			isa = XCConfigurationList;
			buildConfigurations = (
				BF3744901AB13645008B9F98 /* Debug */,
				BF3744911AB13645008B9F98 /* Release */,
			);
			defaultConfigurationIsVisible = 0;
			defaultConfigurationName = Release;
		};
		BF3744921AB13645008B9F98 /* Build configuration list for PBXNativeTarget "train13" */ = {
			isa = XCConfigurationList;
			buildConfigurations = (
				BF3744931AB13645008B9F98 /* Debug */,
				BF3744941AB13645008B9F98 /* Release */,
			);
			defaultConfigurationIsVisible = 0;
			defaultConfigurationName = Release;
		};
		BF3744951AB13645008B9F98 /* Build configuration list for PBXNativeTarget "train13Tests" */ = {
			isa = XCConfigurationList;
			buildConfigurations = (
				BF3744961AB13645008B9F98 /* Debug */,
				BF3744971AB13645008B9F98 /* Release */,
			);
			defaultConfigurationIsVisible = 0;
			defaultConfigurationName = Release;
		};
/* End XCConfigurationList section */
	};
	rootObject = BF3744671AB13645008B9F98 /* Project object */;
}
